
Microsoft Visual Studio Solution File, Format Version 12.00
# Visual Studio 15
Project("{FAE04EC0-301F-11D3-BF4B-00C04F79EFBC}") = "2018SpringProject", "Assembly-CSharp.csproj", "{F2ED5F65-2747-5A2E-59EA-8F3001FE54CE}"
EndProject
Project("{FAE04EC0-301F-11D3-BF4B-00C04F79EFBC}") = "2018SpringProject", "Assembly-CSharp-Editor.csproj", "{5BAE7537-53B6-E0FB-5BDE-BC6156C30337}"
EndProject
Global
	GlobalSection(SolutionConfigurationPlatforms) = preSolution
		Debug|Any CPU = Debug|Any CPU
		Release|Any CPU = Release|Any CPU
	EndGlobalSection
	GlobalSection(ProjectConfigurationPlatforms) = postSolution
		{F2ED5F65-2747-5A2E-59EA-8F3001FE54CE}.Debug|Any CPU.ActiveCfg = Debug|Any CPU
		{F2ED5F65-2747-5A2E-59EA-8F3001FE54CE}.Debug|Any CPU.Build.0 = Debug|Any CPU
		{F2ED5F65-2747-5A2E-59EA-8F3001FE54CE}.Release|Any CPU.ActiveCfg = Release|Any CPU
		{F2ED5F65-2747-5A2E-59EA-8F3001FE54CE}.Release|Any CPU.Build.0 = Release|Any CPU
		{5BAE7537-53B6-E0FB-5BDE-BC6156C30337}.Debug|Any CPU.ActiveCfg = Debug|Any CPU
		{5BAE7537-53B6-E0FB-5BDE-BC6156C30337}.Debug|Any CPU.Build.0 = Debug|Any CPU
		{5BAE7537-53B6-E0FB-5BDE-BC6156C30337}.Release|Any CPU.ActiveCfg = Release|Any CPU
		{5BAE7537-53B6-E0FB-5BDE-BC6156C30337}.Release|Any CPU.Build.0 = Release|Any CPU
	EndGlobalSection
	GlobalSection(SolutionProperties) = preSolution
		HideSolutionNode = FALSE
	EndGlobalSection
EndGlobal
